
Microsoft Visual Studio Solution File, Format Version 12.00
# Visual Studio Version 16
VisualStudioVersion = 16.0.30011.22
MinimumVisualStudioVersion = 10.0.40219.1
Project("{2150E333-8FDC-42A3-9474-1A3956D46DE8}") = "Src", "Src", "{D8D7CEF5-4573-4EC0-B07E-C61FDCFE032C}"
EndProject
Project("{2150E333-8FDC-42A3-9474-1A3956D46DE8}") = "Users", "Users", "{B51F888C-35B9-49AB-9B4E-2D1B7130BF5A}"
EndProject
Project("{2150E333-8FDC-42A3-9474-1A3956D46DE8}") = "Booking", "Booking", "{6A851261-B511-4533-B332-942C526D5865}"
EndProject
Project("{2150E333-8FDC-42A3-9474-1A3956D46DE8}") = "StudyRoom", "StudyRoom", "{7EC849D1-C22D-4997-93EF-4F2E3B20DD4D}"
EndProject
Project("{9A19103F-16F7-4668-BE54-9A1E7A4F7556}") = "StudyRoom.API", "Src\StudyRoom\StudyRoom.API\StudyRoom.API.csproj", "{3DF68C54-DB5B-46A1-9401-D82DB20B2C84}"
EndProject
Project("{2150E333-8FDC-42A3-9474-1A3956D46DE8}") = "Admin", "Admin", "{44619055-F85B-42D8-AD4B-182C6E6BBE4E}"
EndProject
Project("{2150E333-8FDC-42A3-9474-1A3956D46DE8}") = "User", "User", "{50746956-08E0-41D3-A663-9A1B92BC4634}"
EndProject
Project("{FAE04EC0-301F-11D3-BF4B-00C04F79EFBC}") = "Admin.API", "Admin.API\Admin.API.csproj", "{0931CB19-6C16-433D-A962-21269C247C62}"
EndProject
Project("{FAE04EC0-301F-11D3-BF4B-00C04F79EFBC}") = "User.API", "User.API\User.API.csproj", "{D08352CB-C38F-4FD8-A221-842D4CA3EDC6}"
EndProject
Global
	GlobalSection(SolutionConfigurationPlatforms) = preSolution
		Debug|Any CPU = Debug|Any CPU
		Release|Any CPU = Release|Any CPU
	EndGlobalSection
	GlobalSection(ProjectConfigurationPlatforms) = postSolution
		{3DF68C54-DB5B-46A1-9401-D82DB20B2C84}.Debug|Any CPU.ActiveCfg = Debug|Any CPU
		{3DF68C54-DB5B-46A1-9401-D82DB20B2C84}.Debug|Any CPU.Build.0 = Debug|Any CPU
		{3DF68C54-DB5B-46A1-9401-D82DB20B2C84}.Release|Any CPU.ActiveCfg = Release|Any CPU
		{3DF68C54-DB5B-46A1-9401-D82DB20B2C84}.Release|Any CPU.Build.0 = Release|Any CPU
		{0931CB19-6C16-433D-A962-21269C247C62}.Debug|Any CPU.ActiveCfg = Debug|Any CPU
		{0931CB19-6C16-433D-A962-21269C247C62}.Debug|Any CPU.Build.0 = Debug|Any CPU
		{0931CB19-6C16-433D-A962-21269C247C62}.Release|Any CPU.ActiveCfg = Release|Any CPU
		{0931CB19-6C16-433D-A962-21269C247C62}.Release|Any CPU.Build.0 = Release|Any CPU
		{D08352CB-C38F-4FD8-A221-842D4CA3EDC6}.Debug|Any CPU.ActiveCfg = Debug|Any CPU
		{D08352CB-C38F-4FD8-A221-842D4CA3EDC6}.Debug|Any CPU.Build.0 = Debug|Any CPU
		{D08352CB-C38F-4FD8-A221-842D4CA3EDC6}.Release|Any CPU.ActiveCfg = Release|Any CPU
		{D08352CB-C38F-4FD8-A221-842D4CA3EDC6}.Release|Any CPU.Build.0 = Release|Any CPU
	EndGlobalSection
	GlobalSection(SolutionProperties) = preSolution
		HideSolutionNode = FALSE
	EndGlobalSection
	GlobalSection(NestedProjects) = preSolution
		{B51F888C-35B9-49AB-9B4E-2D1B7130BF5A} = {D8D7CEF5-4573-4EC0-B07E-C61FDCFE032C}
		{6A851261-B511-4533-B332-942C526D5865} = {D8D7CEF5-4573-4EC0-B07E-C61FDCFE032C}
		{7EC849D1-C22D-4997-93EF-4F2E3B20DD4D} = {D8D7CEF5-4573-4EC0-B07E-C61FDCFE032C}
		{3DF68C54-DB5B-46A1-9401-D82DB20B2C84} = {7EC849D1-C22D-4997-93EF-4F2E3B20DD4D}
		{44619055-F85B-42D8-AD4B-182C6E6BBE4E} = {B51F888C-35B9-49AB-9B4E-2D1B7130BF5A}
		{50746956-08E0-41D3-A663-9A1B92BC4634} = {B51F888C-35B9-49AB-9B4E-2D1B7130BF5A}
		{0931CB19-6C16-433D-A962-21269C247C62} = {44619055-F85B-42D8-AD4B-182C6E6BBE4E}
		{D08352CB-C38F-4FD8-A221-842D4CA3EDC6} = {50746956-08E0-41D3-A663-9A1B92BC4634}
	EndGlobalSection
	GlobalSection(ExtensibilityGlobals) = postSolution
		SolutionGuid = {9B8D7A6D-5255-4018-9F96-21D48A57BE23}
	EndGlobalSection
EndGlobal
