
Microsoft Visual Studio Solution File, Format Version 12.00
# Visual Studio Version 16
VisualStudioVersion = 16.0.30011.22
MinimumVisualStudioVersion = 10.0.40219.1
Project("{2150E333-8FDC-42A3-9474-1A3956D46DE8}") = "Src", "Src", "{D8D7CEF5-4573-4EC0-B07E-C61FDCFE032C}"
EndProject
Project("{2150E333-8FDC-42A3-9474-1A3956D46DE8}") = "Booking", "Booking", "{6A851261-B511-4533-B332-942C526D5865}"
EndProject
Project("{2150E333-8FDC-42A3-9474-1A3956D46DE8}") = "StudyRoom", "StudyRoom", "{7EC849D1-C22D-4997-93EF-4F2E3B20DD4D}"
EndProject
Project("{2150E333-8FDC-42A3-9474-1A3956D46DE8}") = "APIGateway", "APIGateway", "{7AD7CD27-BE85-4336-B34D-413811F38E88}"
EndProject
Project("{2150E333-8FDC-42A3-9474-1A3956D46DE8}") = "Users", "Users", "{A72D4FC8-DADD-4F9F-9538-AB6EB96A5D5D}"
EndProject
Project("{2150E333-8FDC-42A3-9474-1A3956D46DE8}") = "Nusers", "Nusers", "{11DF139F-DFE5-4FDA-BF0E-5E368D7F9500}"
EndProject
Project("{2150E333-8FDC-42A3-9474-1A3956D46DE8}") = "Admin", "Admin", "{A48F76DE-6CFA-458D-BF45-FD3126AECD32}"
EndProject
Project("{9A19103F-16F7-4668-BE54-9A1E7A4F7556}") = "Nusers.API", "Src\Users\Nusers\Nusers.API\Nusers.API.csproj", "{974293C7-054C-4E49-BF55-BB504D560B32}"
EndProject
Project("{9A19103F-16F7-4668-BE54-9A1E7A4F7556}") = "StudyRoom.API", "Src\StudyRoom\StudyRoom.API\StudyRoom.API.csproj", "{518256F9-5575-4E71-A2DD-54DA13A74334}"
EndProject
Project("{FAE04EC0-301F-11D3-BF4B-00C04F79EFBC}") = "Admin.API", "Src\Users\Admin\Admin.API\Admin.API.csproj", "{756DB1C7-6369-43BF-BE01-1D79CC835DE9}"
EndProject
Global
	GlobalSection(SolutionConfigurationPlatforms) = preSolution
		Debug|Any CPU = Debug|Any CPU
		Release|Any CPU = Release|Any CPU
	EndGlobalSection
	GlobalSection(ProjectConfigurationPlatforms) = postSolution
		{974293C7-054C-4E49-BF55-BB504D560B32}.Debug|Any CPU.ActiveCfg = Debug|Any CPU
		{974293C7-054C-4E49-BF55-BB504D560B32}.Debug|Any CPU.Build.0 = Debug|Any CPU
		{974293C7-054C-4E49-BF55-BB504D560B32}.Release|Any CPU.ActiveCfg = Release|Any CPU
		{974293C7-054C-4E49-BF55-BB504D560B32}.Release|Any CPU.Build.0 = Release|Any CPU
		{518256F9-5575-4E71-A2DD-54DA13A74334}.Debug|Any CPU.ActiveCfg = Debug|Any CPU
		{518256F9-5575-4E71-A2DD-54DA13A74334}.Debug|Any CPU.Build.0 = Debug|Any CPU
		{518256F9-5575-4E71-A2DD-54DA13A74334}.Release|Any CPU.ActiveCfg = Release|Any CPU
		{518256F9-5575-4E71-A2DD-54DA13A74334}.Release|Any CPU.Build.0 = Release|Any CPU
		{756DB1C7-6369-43BF-BE01-1D79CC835DE9}.Debug|Any CPU.ActiveCfg = Debug|Any CPU
		{756DB1C7-6369-43BF-BE01-1D79CC835DE9}.Debug|Any CPU.Build.0 = Debug|Any CPU
		{756DB1C7-6369-43BF-BE01-1D79CC835DE9}.Release|Any CPU.ActiveCfg = Release|Any CPU
		{756DB1C7-6369-43BF-BE01-1D79CC835DE9}.Release|Any CPU.Build.0 = Release|Any CPU
	EndGlobalSection
	GlobalSection(SolutionProperties) = preSolution
		HideSolutionNode = FALSE
	EndGlobalSection
	GlobalSection(NestedProjects) = preSolution
		{6A851261-B511-4533-B332-942C526D5865} = {D8D7CEF5-4573-4EC0-B07E-C61FDCFE032C}
		{7EC849D1-C22D-4997-93EF-4F2E3B20DD4D} = {D8D7CEF5-4573-4EC0-B07E-C61FDCFE032C}
		{7AD7CD27-BE85-4336-B34D-413811F38E88} = {D8D7CEF5-4573-4EC0-B07E-C61FDCFE032C}
		{A72D4FC8-DADD-4F9F-9538-AB6EB96A5D5D} = {D8D7CEF5-4573-4EC0-B07E-C61FDCFE032C}
		{11DF139F-DFE5-4FDA-BF0E-5E368D7F9500} = {A72D4FC8-DADD-4F9F-9538-AB6EB96A5D5D}
		{A48F76DE-6CFA-458D-BF45-FD3126AECD32} = {A72D4FC8-DADD-4F9F-9538-AB6EB96A5D5D}
		{974293C7-054C-4E49-BF55-BB504D560B32} = {11DF139F-DFE5-4FDA-BF0E-5E368D7F9500}
		{518256F9-5575-4E71-A2DD-54DA13A74334} = {7EC849D1-C22D-4997-93EF-4F2E3B20DD4D}
		{756DB1C7-6369-43BF-BE01-1D79CC835DE9} = {A48F76DE-6CFA-458D-BF45-FD3126AECD32}
	EndGlobalSection
	GlobalSection(ExtensibilityGlobals) = postSolution
		SolutionGuid = {9B8D7A6D-5255-4018-9F96-21D48A57BE23}
	EndGlobalSection
EndGlobal
